{
  "name": "ng-bearer",
  "version": "2.0.1",
  "lockfileVersion": 1,
  "requires": true,
  "dependencies": {
    "@bearer/js": {
      "version": "0.103.0",
      "resolved": "https://registry.npmjs.org/@bearer/js/-/js-0.103.0.tgz",
      "integrity": "sha512-UKDWz1t+AZbuLH/l53OUf37YpoQcqVheAW7TvmY5/7EolpvHkOkibbh2i2KUgYNpiRKIlxdNEDYJCCNoiAK0HA==",
      "requires": {
        "@bearer/logger": "^0.103.0",
        "debounce": "^1.2.0",
        "jest-fetch-mock": "^2.1.1",
        "post-robot": "^8.0.26"
      }
    },
    "@bearer/logger": {
      "version": "0.103.0",
      "resolved": "https://registry.npmjs.org/@bearer/logger/-/logger-0.103.0.tgz",
      "integrity": "sha512-qTjoClCS/HdvR5K6s05MXYWLbbCK2B35Jn8jzuO/PZpklanqDhQgIXDY3OV/RdMro62iMUDKBXvua5/IC+eHKg==",
      "requires": {
        "debug": "^4.1.0"
      }
    },
    "cross-domain-safe-weakmap": {
      "version": "1.0.24",
      "resolved": "https://registry.npmjs.org/cross-domain-safe-weakmap/-/cross-domain-safe-weakmap-1.0.24.tgz",
      "integrity": "sha512-61VoYvaLRX3MDE/iSV0tVFgc3rgSKKbwtNV2ttg20leo4vIRedFD5YzT7+HniCVmkDfOXI4aIBZ6ndfgcPfM9A==",
      "requires": {
        "cross-domain-utils": "^2.0.0"
      }
    },
    "cross-domain-utils": {
      "version": "2.0.25",
      "resolved": "https://registry.npmjs.org/cross-domain-utils/-/cross-domain-utils-2.0.25.tgz",
      "integrity": "sha512-l65JB6hftDXT6ZuIMoNp/IPgWHNVTl1E3bWeY6LhAAYKSpRu1TepxpDrrTqTQh9dJhihPv6oq/yAwf1v4F80pQ==",
      "requires": {
        "zalgo-promise": "^1.0.11"
      }
    },
    "cross-fetch": {
      "version": "2.2.3",
      "resolved": "https://registry.npmjs.org/cross-fetch/-/cross-fetch-2.2.3.tgz",
      "integrity": "sha512-PrWWNH3yL2NYIb/7WF/5vFG3DCQiXDOVf8k3ijatbrtnwNuhMWLC7YF7uqf53tbTFDzHIUD8oITw4Bxt8ST3Nw==",
      "requires": {
        "node-fetch": "2.1.2",
        "whatwg-fetch": "2.0.4"
      }
    },
    "debounce": {
      "version": "1.2.0",
      "resolved": "https://registry.npmjs.org/debounce/-/debounce-1.2.0.tgz",
      "integrity": "sha512-mYtLl1xfZLi1m4RtQYlZgJUNQjl4ZxVnHzIR8nLLgi4q1YT8o/WM+MK/f8yfcc9s5Ir5zRaPZyZU6xs1Syoocg=="
    },
    "debug": {
      "version": "4.1.1",
      "resolved": "https://registry.npmjs.org/debug/-/debug-4.1.1.tgz",
      "integrity": "sha512-pYAIzeRo8J6KPEaJ0VWOh5Pzkbw/RetuzehGM7QRRX5he4fPHx2rdKMB256ehJCkX+XRQm16eZLqLNS8RSZXZw==",
      "requires": {
        "ms": "^2.1.1"
      }
    },
    "jest-fetch-mock": {
      "version": "2.1.2",
      "resolved": "https://registry.npmjs.org/jest-fetch-mock/-/jest-fetch-mock-2.1.2.tgz",
      "integrity": "sha512-tcSR4Lh2bWLe1+0w/IwvNxeDocMI/6yIA2bijZ0fyWxC4kQ18lckQ1n7Yd40NKuisGmcGBRFPandRXrW/ti/Bw==",
      "requires": {
        "cross-fetch": "^2.2.2",
        "promise-polyfill": "^7.1.1"
      }
    },
    "ms": {
      "version": "2.1.1",
      "resolved": "https://registry.npmjs.org/ms/-/ms-2.1.1.tgz",
      "integrity": "sha512-tgp+dl5cGk28utYktBsrFqA7HKgrhgPsg6Z/EfhWI4gl1Hwq8B/GmY/0oXZ6nF8hDVesS/FpnYaD/kOWhYQvyg=="
    },
    "node-fetch": {
      "version": "2.1.2",
      "resolved": "https://registry.npmjs.org/node-fetch/-/node-fetch-2.1.2.tgz",
      "integrity": "sha1-q4hOjn5X44qUR1POxwb3iNF2i7U="
    },
    "post-robot": {
      "version": "8.0.30",
      "resolved": "https://registry.npmjs.org/post-robot/-/post-robot-8.0.30.tgz",
      "integrity": "sha512-xo4TudIX85q2vKehlGcVlbYJyrG+2CU+s5zXDpxAba8RzjGPAT2GXpCzNI2TDaiB+UH1Y/rgSNC9tKSyVNwW8g==",
      "requires": {
        "cross-domain-safe-weakmap": "^1.0.1",
        "cross-domain-utils": "^2.0.0",
        "zalgo-promise": "^1.0.3"
      }
    },
    "promise-polyfill": {
      "version": "7.1.2",
      "resolved": "https://registry.npmjs.org/promise-polyfill/-/promise-polyfill-7.1.2.tgz",
      "integrity": "sha512-FuEc12/eKqqoRYIGBrUptCBRhobL19PS2U31vMNTfyck1FxPyMfgsXyW4Mav85y/ZN1hop3hOwRlUDok23oYfQ=="
    },
    "whatwg-fetch": {
      "version": "2.0.4",
      "resolved": "https://registry.npmjs.org/whatwg-fetch/-/whatwg-fetch-2.0.4.tgz",
      "integrity": "sha512-dcQ1GWpOD/eEQ97k66aiEVpNnapVj90/+R+SXTPYGHpYBBypfKJEQjLrvMZ7YXbKm21gXd4NcuxUTjiv1YtLng=="
    },
    "zalgo-promise": {
      "version": "1.0.38",
      "resolved": "https://registry.npmjs.org/zalgo-promise/-/zalgo-promise-1.0.38.tgz",
      "integrity": "sha512-+dj0kZU9poywiJ3nIFns3o10XXbbptugvO51TxwD8/V0SIEi+Jw/of0MeJZ8CO7gH9jqzD0MQ/Q1PXAx8GlOQw=="
    }
  }
}
